// !$*UTF8*$!
{
	archiveVersion = 1;
	classes = {
	};
	objectVersion = 46;
	objects = {

/* Begin PBXBuildFile section */
		D1CFD4351AE10C5400F2C625 /* main.m in Sources */ = {isa = PBXBuildFile; fileRef = D1CFD4341AE10C5400F2C625 /* main.m */; };
		D1CFD4381AE10C5400F2C625 /* AppDelegate.m in Sources */ = {isa = PBXBuildFile; fileRef = D1CFD4371AE10C5400F2C625 /* AppDelegate.m */; };
		D1CFD43B1AE10C5400F2C625 /* ViewController.m in Sources */ = {isa = PBXBuildFile; fileRef = D1CFD43A1AE10C5400F2C625 /* ViewController.m */; };
		D1CFD43E1AE10C5400F2C625 /* Main.storyboard in Resources */ = {isa = PBXBuildFile; fileRef = D1CFD43C1AE10C5400F2C625 /* Main.storyboard */; };
		D1CFD4401AE10C5400F2C625 /* Images.xcassets in Resources */ = {isa = PBXBuildFile; fileRef = D1CFD43F1AE10C5400F2C625 /* Images.xcassets */; };
		D1CFD4431AE10C5400F2C625 /* LaunchScreen.xib in Resources */ = {isa = PBXBuildFile; fileRef = D1CFD4411AE10C5400F2C625 /* LaunchScreen.xib */; };
		D1CFD44F1AE10C5400F2C625 /* countTests.m in Sources */ = {isa = PBXBuildFile; fileRef = D1CFD44E1AE10C5400F2C625 /* countTests.m */; };
/* End PBXBuildFile section */

/* Begin PBXContainerItemProxy section */
		D1CFD4491AE10C5400F2C625 /* PBXContainerItemProxy */ = {
			isa = PBXContainerItemProxy;
			containerPortal = D1CFD4271AE10C5400F2C625 /* Project object */;
			proxyType = 1;
			remoteGlobalIDString = D1CFD42E1AE10C5400F2C625;
			remoteInfo = count;
		};
/* End PBXContainerItemProxy section */

/* Begin PBXFileReference section */
		D1CFD42F1AE10C5400F2C625 /* count.app */ = {isa = PBXFileReference; explicitFileType = wrapper.application; includeInIndex = 0; path = count.app; sourceTree = BUILT_PRODUCTS_DIR; };
		D1CFD4331AE10C5400F2C625 /* Info.plist */ = {isa = PBXFileReference; lastKnownFileType = text.plist.xml; path = Info.plist; sourceTree = "<group>"; };
		D1CFD4341AE10C5400F2C625 /* main.m */ = {isa = PBXFileReference; lastKnownFileType = sourcecode.c.objc; path = main.m; sourceTree = "<group>"; };
		D1CFD4361AE10C5400F2C625 /* AppDelegate.h */ = {isa = PBXFileReference; lastKnownFileType = sourcecode.c.h; path = AppDelegate.h; sourceTree = "<group>"; };
		D1CFD4371AE10C5400F2C625 /* AppDelegate.m */ = {isa = PBXFileReference; lastKnownFileType = sourcecode.c.objc; path = AppDelegate.m; sourceTree = "<group>"; };
		D1CFD4391AE10C5400F2C625 /* ViewController.h */ = {isa = PBXFileReference; lastKnownFileType = sourcecode.c.h; path = ViewController.h; sourceTree = "<group>"; };
		D1CFD43A1AE10C5400F2C625 /* ViewController.m */ = {isa = PBXFileReference; lastKnownFileType = sourcecode.c.objc; path = ViewController.m; sourceTree = "<group>"; };
		D1CFD43D1AE10C5400F2C625 /* Base */ = {isa = PBXFileReference; lastKnownFileType = file.storyboard; name = Base; path = Base.lproj/Main.storyboard; sourceTree = "<group>"; };
		D1CFD43F1AE10C5400F2C625 /* Images.xcassets */ = {isa = PBXFileReference; lastKnownFileType = folder.assetcatalog; path = Images.xcassets; sourceTree = "<group>"; };
		D1CFD4421AE10C5400F2C625 /* Base */ = {isa = PBXFileReference; lastKnownFileType = file.xib; name = Base; path = Base.lproj/LaunchScreen.xib; sourceTree = "<group>"; };
		D1CFD4481AE10C5400F2C625 /* countTests.xctest */ = {isa = PBXFileReference; explicitFileType = wrapper.cfbundle; includeInIndex = 0; path = countTests.xctest; sourceTree = BUILT_PRODUCTS_DIR; };
		D1CFD44D1AE10C5400F2C625 /* Info.plist */ = {isa = PBXFileReference; lastKnownFileType = text.plist.xml; path = Info.plist; sourceTree = "<group>"; };
		D1CFD44E1AE10C5400F2C625 /* countTests.m */ = {isa = PBXFileReference; lastKnownFileType = sourcecode.c.objc; path = countTests.m; sourceTree = "<group>"; };
/* End PBXFileReference section */

/* Begin PBXFrameworksBuildPhase section */
		D1CFD42C1AE10C5400F2C625 /* Frameworks */ = {
			isa = PBXFrameworksBuildPhase;
			buildActionMask = 2147483647;
			files = (
			);
			runOnlyForDeploymentPostprocessing = 0;
		};
		D1CFD4451AE10C5400F2C625 /* Frameworks */ = {
			isa = PBXFrameworksBuildPhase;
			buildActionMask = 2147483647;
			files = (
			);
			runOnlyForDeploymentPostprocessing = 0;
		};
/* End PBXFrameworksBuildPhase section */

/* Begin PBXGroup section */
		D1CFD4261AE10C5400F2C625 = {
			isa = PBXGroup;
			children = (
				D1CFD4311AE10C5400F2C625 /* count */,
				D1CFD44B1AE10C5400F2C625 /* countTests */,
				D1CFD4301AE10C5400F2C625 /* Products */,
			);
			sourceTree = "<group>";
		};
		D1CFD4301AE10C5400F2C625 /* Products */ = {
			isa = PBXGroup;
			children = (
				D1CFD42F1AE10C5400F2C625 /* count.app */,
				D1CFD4481AE10C5400F2C625 /* countTests.xctest */,
			);
			name = Products;
			sourceTree = "<group>";
		};
		D1CFD4311AE10C5400F2C625 /* count */ = {
			isa = PBXGroup;
			children = (
				D1CFD4361AE10C5400F2C625 /* AppDelegate.h */,
				D1CFD4371AE10C5400F2C625 /* AppDelegate.m */,
				D1CFD4391AE10C5400F2C625 /* ViewController.h */,
				D1CFD43A1AE10C5400F2C625 /* ViewController.m */,
				D1CFD43C1AE10C5400F2C625 /* Main.storyboard */,
				D1CFD43F1AE10C5400F2C625 /* Images.xcassets */,
				D1CFD4411AE10C5400F2C625 /* LaunchScreen.xib */,
				D1CFD4321AE10C5400F2C625 /* Supporting Files */,
			);
			path = count;
			sourceTree = "<group>";
		};
		D1CFD4321AE10C5400F2C625 /* Supporting Files */ = {
			isa = PBXGroup;
			children = (
				D1CFD4331AE10C5400F2C625 /* Info.plist */,
				D1CFD4341AE10C5400F2C625 /* main.m */,
			);
			name = "Supporting Files";
			sourceTree = "<group>";
		};
		D1CFD44B1AE10C5400F2C625 /* countTests */ = {
			isa = PBXGroup;
			children = (
				D1CFD44E1AE10C5400F2C625 /* countTests.m */,
				D1CFD44C1AE10C5400F2C625 /* Supporting Files */,
			);
			path = countTests;
			sourceTree = "<group>";
		};
		D1CFD44C1AE10C5400F2C625 /* Supporting Files */ = {
			isa = PBXGroup;
			children = (
				D1CFD44D1AE10C5400F2C625 /* Info.plist */,
			);
			name = "Supporting Files";
			sourceTree = "<group>";
		};
/* End PBXGroup section */

/* Begin PBXNativeTarget section */
		D1CFD42E1AE10C5400F2C625 /* count */ = {
			isa = PBXNativeTarget;
			buildConfigurationList = D1CFD4521AE10C5400F2C625 /* Build configuration list for PBXNativeTarget "count" */;
			buildPhases = (
				D1CFD42B1AE10C5400F2C625 /* Sources */,
				D1CFD42C1AE10C5400F2C625 /* Frameworks */,
				D1CFD42D1AE10C5400F2C625 /* Resources */,
			);
			buildRules = (
			);
			dependencies = (
			);
			name = count;
			productName = count;
			productReference = D1CFD42F1AE10C5400F2C625 /* count.app */;
			productType = "com.apple.product-type.application";
		};
		D1CFD4471AE10C5400F2C625 /* countTests */ = {
			isa = PBXNativeTarget;
			buildConfigurationList = D1CFD4551AE10C5400F2C625 /* Build configuration list for PBXNativeTarget "countTests" */;
			buildPhases = (
				D1CFD4441AE10C5400F2C625 /* Sources */,
				D1CFD4451AE10C5400F2C625 /* Frameworks */,
				D1CFD4461AE10C5400F2C625 /* Resources */,
			);
			buildRules = (
			);
			dependencies = (
				D1CFD44A1AE10C5400F2C625 /* PBXTargetDependency */,
			);
			name = countTests;
			productName = countTests;
			productReference = D1CFD4481AE10C5400F2C625 /* countTests.xctest */;
			productType = "com.apple.product-type.bundle.unit-test";
		};
/* End PBXNativeTarget section */

/* Begin PBXProject section */
		D1CFD4271AE10C5400F2C625 /* Project object */ = {
			isa = PBXProject;
			attributes = {
				LastUpgradeCheck = 0610;
				ORGANIZATIONNAME = "onda anan";
				TargetAttributes = {
					D1CFD42E1AE10C5400F2C625 = {
						CreatedOnToolsVersion = 6.1;
					};
					D1CFD4471AE10C5400F2C625 = {
						CreatedOnToolsVersion = 6.1;
						TestTargetID = D1CFD42E1AE10C5400F2C625;
					};
				};
			};
			buildConfigurationList = D1CFD42A1AE10C5400F2C625 /* Build configuration list for PBXProject "count" */;
			compatibilityVersion = "Xcode 3.2";
			developmentRegion = English;
			hasScannedForEncodings = 0;
			knownRegions = (
				en,
				Base,
			);
			mainGroup = D1CFD4261AE10C5400F2C625;
			productRefGroup = D1CFD4301AE10C5400F2C625 /* Products */;
			projectDirPath = "";
			projectRoot = "";
			targets = (
				D1CFD42E1AE10C5400F2C625 /* count */,
				D1CFD4471AE10C5400F2C625 /* countTests */,
			);
		};
/* End PBXProject section */

/* Begin PBXResourcesBuildPhase section */
		D1CFD42D1AE10C5400F2C625 /* Resources */ = {
			isa = PBXResourcesBuildPhase;
			buildActionMask = 2147483647;
			files = (
				D1CFD43E1AE10C5400F2C625 /* Main.storyboard in Resources */,
				D1CFD4431AE10C5400F2C625 /* LaunchScreen.xib in Resources */,
				D1CFD4401AE10C5400F2C625 /* Images.xcassets in Resources */,
			);
			runOnlyForDeploymentPostprocessing = 0;
		};
		D1CFD4461AE10C5400F2C625 /* Resources */ = {
			isa = PBXResourcesBuildPhase;
			buildActionMask = 2147483647;
			files = (
			);
			runOnlyForDeploymentPostprocessing = 0;
		};
/* End PBXResourcesBuildPhase section */

/* Begin PBXSourcesBuildPhase section */
		D1CFD42B1AE10C5400F2C625 /* Sources */ = {
			isa = PBXSourcesBuildPhase;
			buildActionMask = 2147483647;
			files = (
				D1CFD43B1AE10C5400F2C625 /* ViewController.m in Sources */,
				D1CFD4381AE10C5400F2C625 /* AppDelegate.m in Sources */,
				D1CFD4351AE10C5400F2C625 /* main.m in Sources */,
			);
			runOnlyForDeploymentPostprocessing = 0;
		};
		D1CFD4441AE10C5400F2C625 /* Sources */ = {
			isa = PBXSourcesBuildPhase;
			buildActionMask = 2147483647;
			files = (
				D1CFD44F1AE10C5400F2C625 /* countTests.m in Sources */,
			);
			runOnlyForDeploymentPostprocessing = 0;
		};
/* End PBXSourcesBuildPhase section */

/* Begin PBXTargetDependency section */
		D1CFD44A1AE10C5400F2C625 /* PBXTargetDependency */ = {
			isa = PBXTargetDependency;
			target = D1CFD42E1AE10C5400F2C625 /* count */;
			targetProxy = D1CFD4491AE10C5400F2C625 /* PBXContainerItemProxy */;
		};
/* End PBXTargetDependency section */

/* Begin PBXVariantGroup section */
		D1CFD43C1AE10C5400F2C625 /* Main.storyboard */ = {
			isa = PBXVariantGroup;
			children = (
				D1CFD43D1AE10C5400F2C625 /* Base */,
			);
			name = Main.storyboard;
			sourceTree = "<group>";
		};
		D1CFD4411AE10C5400F2C625 /* LaunchScreen.xib */ = {
			isa = PBXVariantGroup;
			children = (
				D1CFD4421AE10C5400F2C625 /* Base */,
			);
			name = LaunchScreen.xib;
			sourceTree = "<group>";
		};
/* End PBXVariantGroup section */

/* Begin XCBuildConfiguration section */
		D1CFD4501AE10C5400F2C625 /* Debug */ = {
			isa = XCBuildConfiguration;
			buildSettings = {
				ALWAYS_SEARCH_USER_PATHS = NO;
				CLANG_CXX_LANGUAGE_STANDARD = "gnu++0x";
				CLANG_CXX_LIBRARY = "libc++";
				CLANG_ENABLE_MODULES = YES;
				CLANG_ENABLE_OBJC_ARC = YES;
				CLANG_WARN_BOOL_CONVERSION = YES;
				CLANG_WARN_CONSTANT_CONVERSION = YES;
				CLANG_WARN_DIRECT_OBJC_ISA_USAGE = YES_ERROR;
				CLANG_WARN_EMPTY_BODY = YES;
				CLANG_WARN_ENUM_CONVERSION = YES;
				CLANG_WARN_INT_CONVERSION = YES;
				CLANG_WARN_OBJC_ROOT_CLASS = YES_ERROR;
				CLANG_WARN_UNREACHABLE_CODE = YES;
				CLANG_WARN__DUPLICATE_METHOD_MATCH = YES;
				"CODE_SIGN_IDENTITY[sdk=iphoneos*]" = "iPhone Developer";
				COPY_PHASE_STRIP = NO;
				ENABLE_STRICT_OBJC_MSGSEND = YES;
				GCC_C_LANGUAGE_STANDARD = gnu99;
				GCC_DYNAMIC_NO_PIC = NO;
				GCC_OPTIMIZATION_LEVEL = 0;
				GCC_PREPROCESSOR_DEFINITIONS = (
					"DEBUG=1",
					"$(inherited)",
				);
				GCC_SYMBOLS_PRIVATE_EXTERN = NO;
				GCC_WARN_64_TO_32_BIT_CONVERSION = YES;
				GCC_WARN_ABOUT_RETURN_TYPE = YES_ERROR;
				GCC_WARN_UNDECLARED_SELECTOR = YES;
				GCC_WARN_UNINITIALIZED_AUTOS = YES_AGGRESSIVE;
				GCC_WARN_UNUSED_FUNCTION = YES;
				GCC_WARN_UNUSED_VARIABLE = YES;
				IPHONEOS_DEPLOYMENT_TARGET = 8.1;
				MTL_ENABLE_DEBUG_INFO = YES;
				ONLY_ACTIVE_ARCH = YES;
				SDKROOT = iphoneos;
			};
			name = Debug;
		};
		D1CFD4511AE10C5400F2C625 /* Release */ = {
			isa = XCBuildConfiguration;
			buildSettings = {
				ALWAYS_SEARCH_USER_PATHS = NO;
				CLANG_CXX_LANGUAGE_STANDARD = "gnu++0x";
				CLANG_CXX_LIBRARY = "libc++";
				CLANG_ENABLE_MODULES = YES;
				CLANG_ENABLE_OBJC_ARC = YES;
				CLANG_WARN_BOOL_CONVERSION = YES;
				CLANG_WARN_CONSTANT_CONVERSION = YES;
				CLANG_WARN_DIRECT_OBJC_ISA_USAGE = YES_ERROR;
				CLANG_WARN_EMPTY_BODY = YES;
				CLANG_WARN_ENUM_CONVERSION = YES;
				CLANG_WARN_INT_CONVERSION = YES;
				CLANG_WARN_OBJC_ROOT_CLASS = YES_ERROR;
				CLANG_WARN_UNREACHABLE_CODE = YES;
				CLANG_WARN__DUPLICATE_METHOD_MATCH = YES;
				"CODE_SIGN_IDENTITY[sdk=iphoneos*]" = "iPhone Developer";
				COPY_PHASE_STRIP = YES;
				ENABLE_NS_ASSERTIONS = NO;
				ENABLE_STRICT_OBJC_MSGSEND = YES;
				GCC_C_LANGUAGE_STANDARD = gnu99;
				GCC_WARN_64_TO_32_BIT_CONVERSION = YES;
				GCC_WARN_ABOUT_RETURN_TYPE = YES_ERROR;
				GCC_WARN_UNDECLARED_SELECTOR = YES;
				GCC_WARN_UNINITIALIZED_AUTOS = YES_AGGRESSIVE;
				GCC_WARN_UNUSED_FUNCTION = YES;
				GCC_WARN_UNUSED_VARIABLE = YES;
				IPHONEOS_DEPLOYMENT_TARGET = 8.1;
				MTL_ENABLE_DEBUG_INFO = NO;
				SDKROOT = iphoneos;
				VALIDATE_PRODUCT = YES;
			};
			name = Release;
		};
		D1CFD4531AE10C5400F2C625 /* Debug */ = {
			isa = XCBuildConfiguration;
			buildSettings = {
				ASSETCATALOG_COMPILER_APPICON_NAME = AppIcon;
				INFOPLIST_FILE = count/Info.plist;
				LD_RUNPATH_SEARCH_PATHS = "$(inherited) @executable_path/Frameworks";
				PRODUCT_NAME = "$(TARGET_NAME)";
			};
			name = Debug;
		};
		D1CFD4541AE10C5400F2C625 /* Release */ = {
			isa = XCBuildConfiguration;
			buildSettings = {
				ASSETCATALOG_COMPILER_APPICON_NAME = AppIcon;
				INFOPLIST_FILE = count/Info.plist;
				LD_RUNPATH_SEARCH_PATHS = "$(inherited) @executable_path/Frameworks";
				PRODUCT_NAME = "$(TARGET_NAME)";
			};
			name = Release;
		};
		D1CFD4561AE10C5400F2C625 /* Debug */ = {
			isa = XCBuildConfiguration;
			buildSettings = {
				BUNDLE_LOADER = "$(TEST_HOST)";
				FRAMEWORK_SEARCH_PATHS = (
					"$(SDKROOT)/Developer/Library/Frameworks",
					"$(inherited)",
				);
				GCC_PREPROCESSOR_DEFINITIONS = (
					"DEBUG=1",
					"$(inherited)",
				);
				INFOPLIST_FILE = countTests/Info.plist;
				LD_RUNPATH_SEARCH_PATHS = "$(inherited) @executable_path/Frameworks @loader_path/Frameworks";
				PRODUCT_NAME = "$(TARGET_NAME)";
				TEST_HOST = "$(BUILT_PRODUCTS_DIR)/count.app/count";
			};
			name = Debug;
		};
		D1CFD4571AE10C5400F2C625 /* Release */ = {
			isa = XCBuildConfiguration;
			buildSettings = {
				BUNDLE_LOADER = "$(TEST_HOST)";
				FRAMEWORK_SEARCH_PATHS = (
					"$(SDKROOT)/Developer/Library/Frameworks",
					"$(inherited)",
				);
				INFOPLIST_FILE = countTests/Info.plist;
				LD_RUNPATH_SEARCH_PATHS = "$(inherited) @executable_path/Frameworks @loader_path/Frameworks";
				PRODUCT_NAME = "$(TARGET_NAME)";
				TEST_HOST = "$(BUILT_PRODUCTS_DIR)/count.app/count";
			};
			name = Release;
		};
/* End XCBuildConfiguration section */

/* Begin XCConfigurationList section */
		D1CFD42A1AE10C5400F2C625 /* Build configuration list for PBXProject "count" */ = {
			isa = XCConfigurationList;
			buildConfigurations = (
				D1CFD4501AE10C5400F2C625 /* Debug */,
				D1CFD4511AE10C5400F2C625 /* Release */,
			);
			defaultConfigurationIsVisible = 0;
			defaultConfigurationName = Release;
		};
		D1CFD4521AE10C5400F2C625 /* Build configuration list for PBXNativeTarget "count" */ = {
			isa = XCConfigurationList;
			buildConfigurations = (
				D1CFD4531AE10C5400F2C625 /* Debug */,
				D1CFD4541AE10C5400F2C625 /* Release */,
			);
			defaultConfigurationIsVisible = 0;
		};
		D1CFD4551AE10C5400F2C625 /* Build configuration list for PBXNativeTarget "countTests" */ = {
			isa = XCConfigurationList;
			buildConfigurations = (
				D1CFD4561AE10C5400F2C625 /* Debug */,
				D1CFD4571AE10C5400F2C625 /* Release */,
			);
			defaultConfigurationIsVisible = 0;
		};
/* End XCConfigurationList section */
	};
	rootObject = D1CFD4271AE10C5400F2C625 /* Project object */;
}
